
Microsoft Visual Studio Solution File, Format Version 12.00
# Visual Studio Version 17
VisualStudioVersion = 17.6.33723.286
MinimumVisualStudioVersion = 10.0.40219.1
Project("{9A19103F-16F7-4668-BE54-9A1E7A4F7556}") = "OneRecordText", "OneRecordText\OneRecordText.csproj", "{00A80197-7B43-4A36-B353-21D74FC88C33}"
EndProject
Project("{9A19103F-16F7-4668-BE54-9A1E7A4F7556}") = "OneRecordAPI", "OneRecordAPI\OneRecordAPI.csproj", "{A521F390-5690-4AEA-BCA3-DD14EF75A72E}"
EndProject
Project("{9A19103F-16F7-4668-BE54-9A1E7A4F7556}") = "OneRecordMVC", "OneRecordMVC\OneRecordMVC.csproj", "{317A72F4-4B01-4EE4-8716-4031ED8C8263}"
EndProject
Project("{9A19103F-16F7-4668-BE54-9A1E7A4F7556}") = "OneRecordApiNew", "OneRecordApiNew\OneRecordApiNew.csproj", "{01FF5F59-FB1F-41CD-B84A-157240BF061D}"
EndProject
Project("{9A19103F-16F7-4668-BE54-9A1E7A4F7556}") = "OneRecordMySql", "OneRecordMySql\OneRecordMySql.csproj", "{9A4DF651-46D8-48FB-B9B3-0B668815226F}"
EndProject
Project("{FAE04EC0-301F-11D3-BF4B-00C04F79EFBC}") = "TextAPI", "TextAPI\TextAPI.csproj", "{B2E7D3E5-83B9-4B3C-BAC5-CDF694CEDFFB}"
EndProject
Global
	GlobalSection(SolutionConfigurationPlatforms) = preSolution
		Debug|Any CPU = Debug|Any CPU
		Release|Any CPU = Release|Any CPU
	EndGlobalSection
	GlobalSection(ProjectConfigurationPlatforms) = postSolution
		{00A80197-7B43-4A36-B353-21D74FC88C33}.Debug|Any CPU.ActiveCfg = Debug|Any CPU
		{00A80197-7B43-4A36-B353-21D74FC88C33}.Debug|Any CPU.Build.0 = Debug|Any CPU
		{00A80197-7B43-4A36-B353-21D74FC88C33}.Release|Any CPU.ActiveCfg = Release|Any CPU
		{00A80197-7B43-4A36-B353-21D74FC88C33}.Release|Any CPU.Build.0 = Release|Any CPU
		{A521F390-5690-4AEA-BCA3-DD14EF75A72E}.Debug|Any CPU.ActiveCfg = Debug|Any CPU
		{A521F390-5690-4AEA-BCA3-DD14EF75A72E}.Debug|Any CPU.Build.0 = Debug|Any CPU
		{A521F390-5690-4AEA-BCA3-DD14EF75A72E}.Release|Any CPU.ActiveCfg = Release|Any CPU
		{A521F390-5690-4AEA-BCA3-DD14EF75A72E}.Release|Any CPU.Build.0 = Release|Any CPU
		{317A72F4-4B01-4EE4-8716-4031ED8C8263}.Debug|Any CPU.ActiveCfg = Debug|Any CPU
		{317A72F4-4B01-4EE4-8716-4031ED8C8263}.Debug|Any CPU.Build.0 = Debug|Any CPU
		{317A72F4-4B01-4EE4-8716-4031ED8C8263}.Release|Any CPU.ActiveCfg = Release|Any CPU
		{317A72F4-4B01-4EE4-8716-4031ED8C8263}.Release|Any CPU.Build.0 = Release|Any CPU
		{01FF5F59-FB1F-41CD-B84A-157240BF061D}.Debug|Any CPU.ActiveCfg = Debug|Any CPU
		{01FF5F59-FB1F-41CD-B84A-157240BF061D}.Debug|Any CPU.Build.0 = Debug|Any CPU
		{01FF5F59-FB1F-41CD-B84A-157240BF061D}.Release|Any CPU.ActiveCfg = Release|Any CPU
		{01FF5F59-FB1F-41CD-B84A-157240BF061D}.Release|Any CPU.Build.0 = Release|Any CPU
		{9A4DF651-46D8-48FB-B9B3-0B668815226F}.Debug|Any CPU.ActiveCfg = Debug|Any CPU
		{9A4DF651-46D8-48FB-B9B3-0B668815226F}.Debug|Any CPU.Build.0 = Debug|Any CPU
		{9A4DF651-46D8-48FB-B9B3-0B668815226F}.Release|Any CPU.ActiveCfg = Release|Any CPU
		{9A4DF651-46D8-48FB-B9B3-0B668815226F}.Release|Any CPU.Build.0 = Release|Any CPU
		{B2E7D3E5-83B9-4B3C-BAC5-CDF694CEDFFB}.Debug|Any CPU.ActiveCfg = Debug|Any CPU
		{B2E7D3E5-83B9-4B3C-BAC5-CDF694CEDFFB}.Debug|Any CPU.Build.0 = Debug|Any CPU
		{B2E7D3E5-83B9-4B3C-BAC5-CDF694CEDFFB}.Release|Any CPU.ActiveCfg = Release|Any CPU
		{B2E7D3E5-83B9-4B3C-BAC5-CDF694CEDFFB}.Release|Any CPU.Build.0 = Release|Any CPU
	EndGlobalSection
	GlobalSection(SolutionProperties) = preSolution
		HideSolutionNode = FALSE
	EndGlobalSection
	GlobalSection(ExtensibilityGlobals) = postSolution
		SolutionGuid = {6368D99E-0506-440F-9AEC-D7D576D52E27}
	EndGlobalSection
EndGlobal
